
Microsoft Visual Studio Solution File, Format Version 12.00
# Visual Studio 15
VisualStudioVersion = 15.0.27428.2043
MinimumVisualStudioVersion = 10.0.40219.1
Project("{FAE04EC0-301F-11D3-BF4B-00C04F79EFBC}") = "OwinTemplate", "OwinTemplate\OwinTemplate.csproj", "{C791E774-47F3-4101-9959-9660D90C10B9}"
EndProject
Global
	GlobalSection(SolutionConfigurationPlatforms) = preSolution
		Debug|Any CPU = Debug|Any CPU
		Release|Any CPU = Release|Any CPU
	EndGlobalSection
	GlobalSection(ProjectConfigurationPlatforms) = postSolution
		{C791E774-47F3-4101-9959-9660D90C10B9}.Debug|Any CPU.ActiveCfg = Debug|Any CPU
		{C791E774-47F3-4101-9959-9660D90C10B9}.Debug|Any CPU.Build.0 = Debug|Any CPU
		{C791E774-47F3-4101-9959-9660D90C10B9}.Release|Any CPU.ActiveCfg = Release|Any CPU
		{C791E774-47F3-4101-9959-9660D90C10B9}.Release|Any CPU.Build.0 = Release|Any CPU
	EndGlobalSection
	GlobalSection(SolutionProperties) = preSolution
		HideSolutionNode = FALSE
	EndGlobalSection
	GlobalSection(ExtensibilityGlobals) = postSolution
		SolutionGuid = {46342729-C57A-4BF0-BDA9-F517FF11A68A}
	EndGlobalSection
EndGlobal
